
Microsoft Visual Studio Solution File, Format Version 12.00
# Visual Studio Version 16
VisualStudioVersion = 16.0.30804.86
MinimumVisualStudioVersion = 10.0.40219.1
Project("{FAE04EC0-301F-11D3-BF4B-00C04F79EFBC}") = "DataAccess", "DataAccess\DataAccess.csproj", "{B143684C-1B4E-4124-BE59-6BAC36555F50}"
EndProject
Project("{FAE04EC0-301F-11D3-BF4B-00C04F79EFBC}") = "Entities", "Entities\Entities.csproj", "{BC7BB65C-7A66-4A56-B5BC-464DD10D9DB5}"
EndProject
Project("{FAE04EC0-301F-11D3-BF4B-00C04F79EFBC}") = "Business", "Business\Business.csproj", "{292E979D-D755-4855-9149-EEC5F6FD9EA7}"
EndProject
Project("{FAE04EC0-301F-11D3-BF4B-00C04F79EFBC}") = "ConsoleUI", "ConsoleUI\ConsoleUI.csproj", "{653D824F-A184-4BF0-84CD-25893A0C1701}"
EndProject
Global
	GlobalSection(SolutionConfigurationPlatforms) = preSolution
		Debug|Any CPU = Debug|Any CPU
		Release|Any CPU = Release|Any CPU
	EndGlobalSection
	GlobalSection(ProjectConfigurationPlatforms) = postSolution
		{B143684C-1B4E-4124-BE59-6BAC36555F50}.Debug|Any CPU.ActiveCfg = Debug|Any CPU
		{B143684C-1B4E-4124-BE59-6BAC36555F50}.Debug|Any CPU.Build.0 = Debug|Any CPU
		{B143684C-1B4E-4124-BE59-6BAC36555F50}.Release|Any CPU.ActiveCfg = Release|Any CPU
		{B143684C-1B4E-4124-BE59-6BAC36555F50}.Release|Any CPU.Build.0 = Release|Any CPU
		{BC7BB65C-7A66-4A56-B5BC-464DD10D9DB5}.Debug|Any CPU.ActiveCfg = Debug|Any CPU
		{BC7BB65C-7A66-4A56-B5BC-464DD10D9DB5}.Debug|Any CPU.Build.0 = Debug|Any CPU
		{BC7BB65C-7A66-4A56-B5BC-464DD10D9DB5}.Release|Any CPU.ActiveCfg = Release|Any CPU
		{BC7BB65C-7A66-4A56-B5BC-464DD10D9DB5}.Release|Any CPU.Build.0 = Release|Any CPU
		{292E979D-D755-4855-9149-EEC5F6FD9EA7}.Debug|Any CPU.ActiveCfg = Debug|Any CPU
		{292E979D-D755-4855-9149-EEC5F6FD9EA7}.Debug|Any CPU.Build.0 = Debug|Any CPU
		{292E979D-D755-4855-9149-EEC5F6FD9EA7}.Release|Any CPU.ActiveCfg = Release|Any CPU
		{292E979D-D755-4855-9149-EEC5F6FD9EA7}.Release|Any CPU.Build.0 = Release|Any CPU
		{653D824F-A184-4BF0-84CD-25893A0C1701}.Debug|Any CPU.ActiveCfg = Debug|Any CPU
		{653D824F-A184-4BF0-84CD-25893A0C1701}.Debug|Any CPU.Build.0 = Debug|Any CPU
		{653D824F-A184-4BF0-84CD-25893A0C1701}.Release|Any CPU.ActiveCfg = Release|Any CPU
		{653D824F-A184-4BF0-84CD-25893A0C1701}.Release|Any CPU.Build.0 = Release|Any CPU
	EndGlobalSection
	GlobalSection(SolutionProperties) = preSolution
		HideSolutionNode = FALSE
	EndGlobalSection
	GlobalSection(ExtensibilityGlobals) = postSolution
		SolutionGuid = {E9ABCB2C-C8FA-4413-92D3-50258B53049D}
	EndGlobalSection
EndGlobal
